
Microsoft Visual Studio Solution File, Format Version 12.00
# Visual Studio Version 17
VisualStudioVersion = 17.4.33122.133
MinimumVisualStudioVersion = 10.0.40219.1
Project("{FAE04EC0-301F-11D3-BF4B-00C04F79EFBC}") = "PetAPITest", "PetAPITest.csproj", "{EC700111-95CE-4939-95D9-B5DA82B37EEF}"
EndProject
Global
	GlobalSection(SolutionConfigurationPlatforms) = preSolution
		Debug|Any CPU = Debug|Any CPU
		Release|Any CPU = Release|Any CPU
	EndGlobalSection
	GlobalSection(ProjectConfigurationPlatforms) = postSolution
		{EC700111-95CE-4939-95D9-B5DA82B37EEF}.Debug|Any CPU.ActiveCfg = Debug|Any CPU
		{EC700111-95CE-4939-95D9-B5DA82B37EEF}.Debug|Any CPU.Build.0 = Debug|Any CPU
		{EC700111-95CE-4939-95D9-B5DA82B37EEF}.Release|Any CPU.ActiveCfg = Release|Any CPU
		{EC700111-95CE-4939-95D9-B5DA82B37EEF}.Release|Any CPU.Build.0 = Release|Any CPU
	EndGlobalSection
	GlobalSection(SolutionProperties) = preSolution
		HideSolutionNode = FALSE
	EndGlobalSection
	GlobalSection(ExtensibilityGlobals) = postSolution
		SolutionGuid = {F6CC8A5B-F3A8-4CFB-82FB-D7F565013811}
	EndGlobalSection
EndGlobal
